// !$*UTF8*$!
{
	archiveVersion = 1;
	classes = {
	};
	objectVersion = 48;
	objects = {

/* Begin PBXBuildFile section */
		EC6D402F201E0DC20076B08E /* CategoryTableViewController.swift in Sources */ = {isa = PBXBuildFile; fileRef = EC6D402E201E0DC20076B08E /* CategoryTableViewController.swift */; };
		ECA876512019831F00384C39 /* AppDelegate.swift in Sources */ = {isa = PBXBuildFile; fileRef = ECA876502019831F00384C39 /* AppDelegate.swift */; };
		ECA876532019831F00384C39 /* PlanitViewController.swift in Sources */ = {isa = PBXBuildFile; fileRef = ECA876522019831F00384C39 /* PlanitViewController.swift */; };
		ECA876562019831F00384C39 /* Main.storyboard in Resources */ = {isa = PBXBuildFile; fileRef = ECA876542019831F00384C39 /* Main.storyboard */; };
		ECA876582019831F00384C39 /* Assets.xcassets in Resources */ = {isa = PBXBuildFile; fileRef = ECA876572019831F00384C39 /* Assets.xcassets */; };
		ECA8765B2019831F00384C39 /* LaunchScreen.storyboard in Resources */ = {isa = PBXBuildFile; fileRef = ECA876592019831F00384C39 /* LaunchScreen.storyboard */; };
		ECA8766A201C8EE400384C39 /* DataModel.xcdatamodeld in Sources */ = {isa = PBXBuildFile; fileRef = ECA87668201C8EE400384C39 /* DataModel.xcdatamodeld */; };
/* End PBXBuildFile section */

/* Begin PBXFileReference section */
		EC6D402E201E0DC20076B08E /* CategoryTableViewController.swift */ = {isa = PBXFileReference; lastKnownFileType = sourcecode.swift; path = CategoryTableViewController.swift; sourceTree = "<group>"; };
		ECA8764D2019831F00384C39 /* Plan.it One.app */ = {isa = PBXFileReference; explicitFileType = wrapper.application; includeInIndex = 0; path = "Plan.it One.app"; sourceTree = BUILT_PRODUCTS_DIR; };
		ECA876502019831F00384C39 /* AppDelegate.swift */ = {isa = PBXFileReference; lastKnownFileType = sourcecode.swift; path = AppDelegate.swift; sourceTree = "<group>"; };
		ECA876522019831F00384C39 /* PlanitViewController.swift */ = {isa = PBXFileReference; lastKnownFileType = sourcecode.swift; path = PlanitViewController.swift; sourceTree = "<group>"; };
		ECA876552019831F00384C39 /* Base */ = {isa = PBXFileReference; lastKnownFileType = file.storyboard; name = Base; path = Base.lproj/Main.storyboard; sourceTree = "<group>"; };
		ECA876572019831F00384C39 /* Assets.xcassets */ = {isa = PBXFileReference; lastKnownFileType = folder.assetcatalog; path = Assets.xcassets; sourceTree = "<group>"; };
		ECA8765A2019831F00384C39 /* Base */ = {isa = PBXFileReference; lastKnownFileType = file.storyboard; name = Base; path = Base.lproj/LaunchScreen.storyboard; sourceTree = "<group>"; };
		ECA8765C2019831F00384C39 /* Info.plist */ = {isa = PBXFileReference; lastKnownFileType = text.plist.xml; path = Info.plist; sourceTree = "<group>"; };
		ECA87669201C8EE400384C39 /* DataModel.xcdatamodel */ = {isa = PBXFileReference; lastKnownFileType = wrapper.xcdatamodel; path = DataModel.xcdatamodel; sourceTree = "<group>"; };
/* End PBXFileReference section */

/* Begin PBXFrameworksBuildPhase section */
		ECA8764A2019831F00384C39 /* Frameworks */ = {
			isa = PBXFrameworksBuildPhase;
			buildActionMask = 2147483647;
			files = (
			);
			runOnlyForDeploymentPostprocessing = 0;
		};
/* End PBXFrameworksBuildPhase section */

/* Begin PBXGroup section */
		ECA876442019831F00384C39 = {
			isa = PBXGroup;
			children = (
				ECA8764F2019831F00384C39 /* Plan.it One */,
				ECA8764E2019831F00384C39 /* Products */,
			);
			sourceTree = "<group>";
		};
		ECA8764E2019831F00384C39 /* Products */ = {
			isa = PBXGroup;
			children = (
				ECA8764D2019831F00384C39 /* Plan.it One.app */,
			);
			name = Products;
			sourceTree = "<group>";
		};
		ECA8764F2019831F00384C39 /* Plan.it One */ = {
			isa = PBXGroup;
			children = (
				ECA876502019831F00384C39 /* AppDelegate.swift */,
				ECA87665201C35E300384C39 /* Controllers */,
				ECA87664201C35D800384C39 /* Data Model */,
				ECA87666201C361800384C39 /* View */,
				ECA87667201C362F00384C39 /* Supporting Files */,
				ECA8765C2019831F00384C39 /* Info.plist */,
			);
			path = "Plan.it One";
			sourceTree = "<group>";
		};
		ECA87664201C35D800384C39 /* Data Model */ = {
			isa = PBXGroup;
			children = (
				ECA87668201C8EE400384C39 /* DataModel.xcdatamodeld */,
			);
			path = "Data Model";
			sourceTree = "<group>";
		};
		ECA87665201C35E300384C39 /* Controllers */ = {
			isa = PBXGroup;
			children = (
				EC6D402E201E0DC20076B08E /* CategoryTableViewController.swift */,
				ECA876522019831F00384C39 /* PlanitViewController.swift */,
			);
			path = Controllers;
			sourceTree = "<group>";
		};
		ECA87666201C361800384C39 /* View */ = {
			isa = PBXGroup;
			children = (
				ECA876542019831F00384C39 /* Main.storyboard */,
			);
			path = View;
			sourceTree = "<group>";
		};
		ECA87667201C362F00384C39 /* Supporting Files */ = {
			isa = PBXGroup;
			children = (
				ECA876572019831F00384C39 /* Assets.xcassets */,
				ECA876592019831F00384C39 /* LaunchScreen.storyboard */,
			);
			path = "Supporting Files";
			sourceTree = "<group>";
		};
/* End PBXGroup section */

/* Begin PBXNativeTarget section */
		ECA8764C2019831F00384C39 /* Plan.it One */ = {
			isa = PBXNativeTarget;
			buildConfigurationList = ECA8765F2019831F00384C39 /* Build configuration list for PBXNativeTarget "Plan.it One" */;
			buildPhases = (
				ECA876492019831F00384C39 /* Sources */,
				ECA8764A2019831F00384C39 /* Frameworks */,
				ECA8764B2019831F00384C39 /* Resources */,
			);
			buildRules = (
			);
			dependencies = (
			);
			name = "Plan.it One";
			productName = "Plan.it One";
			productReference = ECA8764D2019831F00384C39 /* Plan.it One.app */;
			productType = "com.apple.product-type.application";
		};
/* End PBXNativeTarget section */

/* Begin PBXProject section */
		ECA876452019831F00384C39 /* Project object */ = {
			isa = PBXProject;
			attributes = {
				LastSwiftUpdateCheck = 0920;
				LastUpgradeCheck = 0920;
				ORGANIZATIONNAME = yi;
				TargetAttributes = {
					ECA8764C2019831F00384C39 = {
						CreatedOnToolsVersion = 9.2;
						ProvisioningStyle = Automatic;
					};
				};
			};
			buildConfigurationList = ECA876482019831F00384C39 /* Build configuration list for PBXProject "Plan.it One" */;
			compatibilityVersion = "Xcode 8.0";
			developmentRegion = en;
			hasScannedForEncodings = 0;
			knownRegions = (
				en,
				Base,
			);
			mainGroup = ECA876442019831F00384C39;
			productRefGroup = ECA8764E2019831F00384C39 /* Products */;
			projectDirPath = "";
			projectRoot = "";
			targets = (
				ECA8764C2019831F00384C39 /* Plan.it One */,
			);
		};
/* End PBXProject section */

/* Begin PBXResourcesBuildPhase section */
		ECA8764B2019831F00384C39 /* Resources */ = {
			isa = PBXResourcesBuildPhase;
			buildActionMask = 2147483647;
			files = (
				ECA8765B2019831F00384C39 /* LaunchScreen.storyboard in Resources */,
				ECA876582019831F00384C39 /* Assets.xcassets in Resources */,
				ECA876562019831F00384C39 /* Main.storyboard in Resources */,
			);
			runOnlyForDeploymentPostprocessing = 0;
		};
/* End PBXResourcesBuildPhase section */

/* Begin PBXSourcesBuildPhase section */
		ECA876492019831F00384C39 /* Sources */ = {
			isa = PBXSourcesBuildPhase;
			buildActionMask = 2147483647;
			files = (
				ECA876532019831F00384C39 /* PlanitViewController.swift in Sources */,
				ECA8766A201C8EE400384C39 /* DataModel.xcdatamodeld in Sources */,
				ECA876512019831F00384C39 /* AppDelegate.swift in Sources */,
				EC6D402F201E0DC20076B08E /* CategoryTableViewController.swift in Sources */,
			);
			runOnlyForDeploymentPostprocessing = 0;
		};
/* End PBXSourcesBuildPhase section */

/* Begin PBXVariantGroup section */
		ECA876542019831F00384C39 /* Main.storyboard */ = {
			isa = PBXVariantGroup;
			children = (
				ECA876552019831F00384C39 /* Base */,
			);
			name = Main.storyboard;
			sourceTree = "<group>";
		};
		ECA876592019831F00384C39 /* LaunchScreen.storyboard */ = {
			isa = PBXVariantGroup;
			children = (
				ECA8765A2019831F00384C39 /* Base */,
			);
			name = LaunchScreen.storyboard;
			sourceTree = "<group>";
		};
/* End PBXVariantGroup section */

/* Begin XCBuildConfiguration section */
		ECA8765D2019831F00384C39 /* Debug */ = {
			isa = XCBuildConfiguration;
			buildSettings = {
				ALWAYS_SEARCH_USER_PATHS = NO;
				CLANG_ANALYZER_NONNULL = YES;
				CLANG_ANALYZER_NUMBER_OBJECT_CONVERSION = YES_AGGRESSIVE;
				CLANG_CXX_LANGUAGE_STANDARD = "gnu++14";
				CLANG_CXX_LIBRARY = "libc++";
				CLANG_ENABLE_MODULES = YES;
				CLANG_ENABLE_OBJC_ARC = YES;
				CLANG_WARN_BLOCK_CAPTURE_AUTORELEASING = YES;
				CLANG_WARN_BOOL_CONVERSION = YES;
				CLANG_WARN_COMMA = YES;
				CLANG_WARN_CONSTANT_CONVERSION = YES;
				CLANG_WARN_DIRECT_OBJC_ISA_USAGE = YES_ERROR;
				CLANG_WARN_DOCUMENTATION_COMMENTS = YES;
				CLANG_WARN_EMPTY_BODY = YES;
				CLANG_WARN_ENUM_CONVERSION = YES;
				CLANG_WARN_INFINITE_RECURSION = YES;
				CLANG_WARN_INT_CONVERSION = YES;
				CLANG_WARN_NON_LITERAL_NULL_CONVERSION = YES;
				CLANG_WARN_OBJC_LITERAL_CONVERSION = YES;
				CLANG_WARN_OBJC_ROOT_CLASS = YES_ERROR;
				CLANG_WARN_RANGE_LOOP_ANALYSIS = YES;
				CLANG_WARN_STRICT_PROTOTYPES = YES;
				CLANG_WARN_SUSPICIOUS_MOVE = YES;
				CLANG_WARN_UNGUARDED_AVAILABILITY = YES_AGGRESSIVE;
				CLANG_WARN_UNREACHABLE_CODE = YES;
				CLANG_WARN__DUPLICATE_METHOD_MATCH = YES;
				CODE_SIGN_IDENTITY = "iPhone Developer";
				COPY_PHASE_STRIP = NO;
				DEBUG_INFORMATION_FORMAT = dwarf;
				ENABLE_STRICT_OBJC_MSGSEND = YES;
				ENABLE_TESTABILITY = YES;
				GCC_C_LANGUAGE_STANDARD = gnu11;
				GCC_DYNAMIC_NO_PIC = NO;
				GCC_NO_COMMON_BLOCKS = YES;
				GCC_OPTIMIZATION_LEVEL = 0;
				GCC_PREPROCESSOR_DEFINITIONS = (
					"DEBUG=1",
					"$(inherited)",
				);
				GCC_WARN_64_TO_32_BIT_CONVERSION = YES;
				GCC_WARN_ABOUT_RETURN_TYPE = YES_ERROR;
				GCC_WARN_UNDECLARED_SELECTOR = YES;
				GCC_WARN_UNINITIALIZED_AUTOS = YES_AGGRESSIVE;
				GCC_WARN_UNUSED_FUNCTION = YES;
				GCC_WARN_UNUSED_VARIABLE = YES;
				IPHONEOS_DEPLOYMENT_TARGET = 11.2;
				MTL_ENABLE_DEBUG_INFO = YES;
				ONLY_ACTIVE_ARCH = YES;
				SDKROOT = iphoneos;
				SWIFT_ACTIVE_COMPILATION_CONDITIONS = DEBUG;
				SWIFT_OPTIMIZATION_LEVEL = "-Onone";
			};
			name = Debug;
		};
		ECA8765E2019831F00384C39 /* Release */ = {
			isa = XCBuildConfiguration;
			buildSettings = {
				ALWAYS_SEARCH_USER_PATHS = NO;
				CLANG_ANALYZER_NONNULL = YES;
				CLANG_ANALYZER_NUMBER_OBJECT_CONVERSION = YES_AGGRESSIVE;
				CLANG_CXX_LANGUAGE_STANDARD = "gnu++14";
				CLANG_CXX_LIBRARY = "libc++";
				CLANG_ENABLE_MODULES = YES;
				CLANG_ENABLE_OBJC_ARC = YES;
				CLANG_WARN_BLOCK_CAPTURE_AUTORELEASING = YES;
				CLANG_WARN_BOOL_CONVERSION = YES;
				CLANG_WARN_COMMA = YES;
				CLANG_WARN_CONSTANT_CONVERSION = YES;
				CLANG_WARN_DIRECT_OBJC_ISA_USAGE = YES_ERROR;
				CLANG_WARN_DOCUMENTATION_COMMENTS = YES;
				CLANG_WARN_EMPTY_BODY = YES;
				CLANG_WARN_ENUM_CONVERSION = YES;
				CLANG_WARN_INFINITE_RECURSION = YES;
				CLANG_WARN_INT_CONVERSION = YES;
				CLANG_WARN_NON_LITERAL_NULL_CONVERSION = YES;
				CLANG_WARN_OBJC_LITERAL_CONVERSION = YES;
				CLANG_WARN_OBJC_ROOT_CLASS = YES_ERROR;
				CLANG_WARN_RANGE_LOOP_ANALYSIS = YES;
				CLANG_WARN_STRICT_PROTOTYPES = YES;
				CLANG_WARN_SUSPICIOUS_MOVE = YES;
				CLANG_WARN_UNGUARDED_AVAILABILITY = YES_AGGRESSIVE;
				CLANG_WARN_UNREACHABLE_CODE = YES;
				CLANG_WARN__DUPLICATE_METHOD_MATCH = YES;
				CODE_SIGN_IDENTITY = "iPhone Developer";
				COPY_PHASE_STRIP = NO;
				DEBUG_INFORMATION_FORMAT = "dwarf-with-dsym";
				ENABLE_NS_ASSERTIONS = NO;
				ENABLE_STRICT_OBJC_MSGSEND = YES;
				GCC_C_LANGUAGE_STANDARD = gnu11;
				GCC_NO_COMMON_BLOCKS = YES;
				GCC_WARN_64_TO_32_BIT_CONVERSION = YES;
				GCC_WARN_ABOUT_RETURN_TYPE = YES_ERROR;
				GCC_WARN_UNDECLARED_SELECTOR = YES;
				GCC_WARN_UNINITIALIZED_AUTOS = YES_AGGRESSIVE;
				GCC_WARN_UNUSED_FUNCTION = YES;
				GCC_WARN_UNUSED_VARIABLE = YES;
				IPHONEOS_DEPLOYMENT_TARGET = 11.2;
				MTL_ENABLE_DEBUG_INFO = NO;
				SDKROOT = iphoneos;
				SWIFT_OPTIMIZATION_LEVEL = "-Owholemodule";
				VALIDATE_PRODUCT = YES;
			};
			name = Release;
		};
		ECA876602019831F00384C39 /* Debug */ = {
			isa = XCBuildConfiguration;
			buildSettings = {
				ASSETCATALOG_COMPILER_APPICON_NAME = AppIcon;
				CODE_SIGN_STYLE = Automatic;
				DEVELOPMENT_TEAM = 9NG8CNC2BG;
				INFOPLIST_FILE = "Plan.it One/Info.plist";
				LD_RUNPATH_SEARCH_PATHS = "$(inherited) @executable_path/Frameworks";
				PRODUCT_BUNDLE_IDENTIFIER = "one.yiwang.Plan-it-One";
				PRODUCT_NAME = "$(TARGET_NAME)";
				SWIFT_VERSION = 4.0;
				TARGETED_DEVICE_FAMILY = "1,2";
			};
			name = Debug;
		};
		ECA876612019831F00384C39 /* Release */ = {
			isa = XCBuildConfiguration;
			buildSettings = {
				ASSETCATALOG_COMPILER_APPICON_NAME = AppIcon;
				CODE_SIGN_STYLE = Automatic;
				DEVELOPMENT_TEAM = 9NG8CNC2BG;
				INFOPLIST_FILE = "Plan.it One/Info.plist";
				LD_RUNPATH_SEARCH_PATHS = "$(inherited) @executable_path/Frameworks";
				PRODUCT_BUNDLE_IDENTIFIER = "one.yiwang.Plan-it-One";
				PRODUCT_NAME = "$(TARGET_NAME)";
				SWIFT_VERSION = 4.0;
				TARGETED_DEVICE_FAMILY = "1,2";
			};
			name = Release;
		};
/* End XCBuildConfiguration section */

/* Begin XCConfigurationList section */
		ECA876482019831F00384C39 /* Build configuration list for PBXProject "Plan.it One" */ = {
			isa = XCConfigurationList;
			buildConfigurations = (
				ECA8765D2019831F00384C39 /* Debug */,
				ECA8765E2019831F00384C39 /* Release */,
			);
			defaultConfigurationIsVisible = 0;
			defaultConfigurationName = Release;
		};
		ECA8765F2019831F00384C39 /* Build configuration list for PBXNativeTarget "Plan.it One" */ = {
			isa = XCConfigurationList;
			buildConfigurations = (
				ECA876602019831F00384C39 /* Debug */,
				ECA876612019831F00384C39 /* Release */,
			);
			defaultConfigurationIsVisible = 0;
			defaultConfigurationName = Release;
		};
/* End XCConfigurationList section */

/* Begin XCVersionGroup section */
		ECA87668201C8EE400384C39 /* DataModel.xcdatamodeld */ = {
			isa = XCVersionGroup;
			children = (
				ECA87669201C8EE400384C39 /* DataModel.xcdatamodel */,
			);
			currentVersion = ECA87669201C8EE400384C39 /* DataModel.xcdatamodel */;
			path = DataModel.xcdatamodeld;
			sourceTree = "<group>";
			versionGroupType = wrapper.xcdatamodel;
		};
/* End XCVersionGroup section */
	};
	rootObject = ECA876452019831F00384C39 /* Project object */;
}
